
Microsoft Visual Studio Solution File, Format Version 12.00
# Visual Studio Version 16
VisualStudioVersion = 16.0.30804.86
MinimumVisualStudioVersion = 10.0.40219.1
Project("{FAE04EC0-301F-11D3-BF4B-00C04F79EFBC}") = "spp-1", "spp-1\spp-1.csproj", "{90B0DF90-ACF5-48EE-A4DB-3E3DF911B7D1}"
EndProject
Global
	GlobalSection(SolutionConfigurationPlatforms) = preSolution
		Debug|Any CPU = Debug|Any CPU
		Release|Any CPU = Release|Any CPU
	EndGlobalSection
	GlobalSection(ProjectConfigurationPlatforms) = postSolution
		{90B0DF90-ACF5-48EE-A4DB-3E3DF911B7D1}.Debug|Any CPU.ActiveCfg = Debug|Any CPU
		{90B0DF90-ACF5-48EE-A4DB-3E3DF911B7D1}.Debug|Any CPU.Build.0 = Debug|Any CPU
		{90B0DF90-ACF5-48EE-A4DB-3E3DF911B7D1}.Release|Any CPU.ActiveCfg = Release|Any CPU
		{90B0DF90-ACF5-48EE-A4DB-3E3DF911B7D1}.Release|Any CPU.Build.0 = Release|Any CPU
	EndGlobalSection
	GlobalSection(SolutionProperties) = preSolution
		HideSolutionNode = FALSE
	EndGlobalSection
	GlobalSection(ExtensibilityGlobals) = postSolution
		SolutionGuid = {5BEE9CEE-62D9-489B-8312-12CA4CB617F5}
	EndGlobalSection
EndGlobal
